// !$*UTF8*$!
{
	archiveVersion = 1;
	classes = {
	};
	objectVersion = 46;
	objects = {

/* Begin PBXBuildFile section */
		1EB3B854693046C2B8AB7A70 /* libPods.a in Frameworks */ = {isa = PBXBuildFile; fileRef = AEDA696290A14300A05285ED /* libPods.a */; };
		E99CDD9A17E785F100F37D33 /* Foundation.framework in Frameworks */ = {isa = PBXBuildFile; fileRef = E99CDD9917E785F100F37D33 /* Foundation.framework */; };
		E99CDD9C17E785F100F37D33 /* CoreGraphics.framework in Frameworks */ = {isa = PBXBuildFile; fileRef = E99CDD9B17E785F100F37D33 /* CoreGraphics.framework */; };
		E99CDD9E17E785F100F37D33 /* UIKit.framework in Frameworks */ = {isa = PBXBuildFile; fileRef = E99CDD9D17E785F100F37D33 /* UIKit.framework */; };
		E99CDDA417E785F100F37D33 /* InfoPlist.strings in Resources */ = {isa = PBXBuildFile; fileRef = E99CDDA217E785F100F37D33 /* InfoPlist.strings */; };
		E99CDDA617E785F100F37D33 /* main.m in Sources */ = {isa = PBXBuildFile; fileRef = E99CDDA517E785F100F37D33 /* main.m */; };
		E99CDDAA17E785F100F37D33 /* AppDelegate.m in Sources */ = {isa = PBXBuildFile; fileRef = E99CDDA917E785F100F37D33 /* AppDelegate.m */; };
		E99CDDAD17E785F100F37D33 /* Main.storyboard in Resources */ = {isa = PBXBuildFile; fileRef = E99CDDAB17E785F100F37D33 /* Main.storyboard */; };
		E99CDDB017E785F100F37D33 /* ViewController.m in Sources */ = {isa = PBXBuildFile; fileRef = E99CDDAF17E785F100F37D33 /* ViewController.m */; };
		E99CDDB217E785F200F37D33 /* Images.xcassets in Resources */ = {isa = PBXBuildFile; fileRef = E99CDDB117E785F200F37D33 /* Images.xcassets */; };
		E99CDDB917E785F200F37D33 /* XCTest.framework in Frameworks */ = {isa = PBXBuildFile; fileRef = E99CDDB817E785F200F37D33 /* XCTest.framework */; };
		E99CDDBA17E785F200F37D33 /* Foundation.framework in Frameworks */ = {isa = PBXBuildFile; fileRef = E99CDD9917E785F100F37D33 /* Foundation.framework */; };
		E99CDDBB17E785F200F37D33 /* UIKit.framework in Frameworks */ = {isa = PBXBuildFile; fileRef = E99CDD9D17E785F100F37D33 /* UIKit.framework */; };
		E99CDDC317E785F200F37D33 /* InfoPlist.strings in Resources */ = {isa = PBXBuildFile; fileRef = E99CDDC117E785F200F37D33 /* InfoPlist.strings */; };
		E99CDDC517E785F200F37D33 /* AFN2_Play_GroundTests.m in Sources */ = {isa = PBXBuildFile; fileRef = E99CDDC417E785F200F37D33 /* AFN2_Play_GroundTests.m */; };
		E99CDDD017E78AD100F37D33 /* RedditPostCell.m in Sources */ = {isa = PBXBuildFile; fileRef = E99CDDCF17E78AD100F37D33 /* RedditPostCell.m */; };
		E99CDDD317E78B7000F37D33 /* ArrayDataSource.m in Sources */ = {isa = PBXBuildFile; fileRef = E99CDDD217E78B7000F37D33 /* ArrayDataSource.m */; };
		E99CDDD617E78E9200F37D33 /* RedditResponseSerializer.m in Sources */ = {isa = PBXBuildFile; fileRef = E99CDDD517E78E9200F37D33 /* RedditResponseSerializer.m */; };
		E99CDDD917E78EF100F37D33 /* RedditPost.m in Sources */ = {isa = PBXBuildFile; fileRef = E99CDDD817E78EF100F37D33 /* RedditPost.m */; };
/* End PBXBuildFile section */

/* Begin PBXContainerItemProxy section */
		E99CDDBC17E785F200F37D33 /* PBXContainerItemProxy */ = {
			isa = PBXContainerItemProxy;
			containerPortal = E99CDD8E17E785F100F37D33 /* Project object */;
			proxyType = 1;
			remoteGlobalIDString = E99CDD9517E785F100F37D33;
			remoteInfo = "AFN2 Play Ground";
		};
/* End PBXContainerItemProxy section */

/* Begin PBXFileReference section */
		AEDA696290A14300A05285ED /* libPods.a */ = {isa = PBXFileReference; explicitFileType = archive.ar; includeInIndex = 0; path = libPods.a; sourceTree = BUILT_PRODUCTS_DIR; };
		E99CDD9617E785F100F37D33 /* AFN2 Play Ground.app */ = {isa = PBXFileReference; explicitFileType = wrapper.application; includeInIndex = 0; path = "AFN2 Play Ground.app"; sourceTree = BUILT_PRODUCTS_DIR; };
		E99CDD9917E785F100F37D33 /* Foundation.framework */ = {isa = PBXFileReference; lastKnownFileType = wrapper.framework; name = Foundation.framework; path = System/Library/Frameworks/Foundation.framework; sourceTree = SDKROOT; };
		E99CDD9B17E785F100F37D33 /* CoreGraphics.framework */ = {isa = PBXFileReference; lastKnownFileType = wrapper.framework; name = CoreGraphics.framework; path = System/Library/Frameworks/CoreGraphics.framework; sourceTree = SDKROOT; };
		E99CDD9D17E785F100F37D33 /* UIKit.framework */ = {isa = PBXFileReference; lastKnownFileType = wrapper.framework; name = UIKit.framework; path = System/Library/Frameworks/UIKit.framework; sourceTree = SDKROOT; };
		E99CDDA117E785F100F37D33 /* AFN2 Play Ground-Info.plist */ = {isa = PBXFileReference; lastKnownFileType = text.plist.xml; path = "AFN2 Play Ground-Info.plist"; sourceTree = "<group>"; };
		E99CDDA317E785F100F37D33 /* en */ = {isa = PBXFileReference; lastKnownFileType = text.plist.strings; name = en; path = en.lproj/InfoPlist.strings; sourceTree = "<group>"; };
		E99CDDA517E785F100F37D33 /* main.m */ = {isa = PBXFileReference; lastKnownFileType = sourcecode.c.objc; path = main.m; sourceTree = "<group>"; };
		E99CDDA717E785F100F37D33 /* AFN2 Play Ground-Prefix.pch */ = {isa = PBXFileReference; lastKnownFileType = sourcecode.c.h; path = "AFN2 Play Ground-Prefix.pch"; sourceTree = "<group>"; };
		E99CDDA817E785F100F37D33 /* AppDelegate.h */ = {isa = PBXFileReference; lastKnownFileType = sourcecode.c.h; path = AppDelegate.h; sourceTree = "<group>"; };
		E99CDDA917E785F100F37D33 /* AppDelegate.m */ = {isa = PBXFileReference; lastKnownFileType = sourcecode.c.objc; path = AppDelegate.m; sourceTree = "<group>"; };
		E99CDDAC17E785F100F37D33 /* Base */ = {isa = PBXFileReference; lastKnownFileType = file.storyboard; name = Base; path = Base.lproj/Main.storyboard; sourceTree = "<group>"; };
		E99CDDAE17E785F100F37D33 /* ViewController.h */ = {isa = PBXFileReference; lastKnownFileType = sourcecode.c.h; path = ViewController.h; sourceTree = "<group>"; };
		E99CDDAF17E785F100F37D33 /* ViewController.m */ = {isa = PBXFileReference; lastKnownFileType = sourcecode.c.objc; path = ViewController.m; sourceTree = "<group>"; };
		E99CDDB117E785F200F37D33 /* Images.xcassets */ = {isa = PBXFileReference; lastKnownFileType = folder.assetcatalog; path = Images.xcassets; sourceTree = "<group>"; };
		E99CDDB717E785F200F37D33 /* AFN2 Play GroundTests.xctest */ = {isa = PBXFileReference; explicitFileType = wrapper.cfbundle; includeInIndex = 0; path = "AFN2 Play GroundTests.xctest"; sourceTree = BUILT_PRODUCTS_DIR; };
		E99CDDB817E785F200F37D33 /* XCTest.framework */ = {isa = PBXFileReference; lastKnownFileType = wrapper.framework; name = XCTest.framework; path = Library/Frameworks/XCTest.framework; sourceTree = DEVELOPER_DIR; };
		E99CDDC017E785F200F37D33 /* AFN2 Play GroundTests-Info.plist */ = {isa = PBXFileReference; lastKnownFileType = text.plist.xml; path = "AFN2 Play GroundTests-Info.plist"; sourceTree = "<group>"; };
		E99CDDC217E785F200F37D33 /* en */ = {isa = PBXFileReference; lastKnownFileType = text.plist.strings; name = en; path = en.lproj/InfoPlist.strings; sourceTree = "<group>"; };
		E99CDDC417E785F200F37D33 /* AFN2_Play_GroundTests.m */ = {isa = PBXFileReference; lastKnownFileType = sourcecode.c.objc; path = AFN2_Play_GroundTests.m; sourceTree = "<group>"; };
		E99CDDCE17E78AD100F37D33 /* RedditPostCell.h */ = {isa = PBXFileReference; fileEncoding = 4; lastKnownFileType = sourcecode.c.h; path = RedditPostCell.h; sourceTree = "<group>"; };
		E99CDDCF17E78AD100F37D33 /* RedditPostCell.m */ = {isa = PBXFileReference; fileEncoding = 4; lastKnownFileType = sourcecode.c.objc; path = RedditPostCell.m; sourceTree = "<group>"; };
		E99CDDD117E78B7000F37D33 /* ArrayDataSource.h */ = {isa = PBXFileReference; fileEncoding = 4; lastKnownFileType = sourcecode.c.h; path = ArrayDataSource.h; sourceTree = "<group>"; };
		E99CDDD217E78B7000F37D33 /* ArrayDataSource.m */ = {isa = PBXFileReference; fileEncoding = 4; lastKnownFileType = sourcecode.c.objc; path = ArrayDataSource.m; sourceTree = "<group>"; };
		E99CDDD417E78E9200F37D33 /* RedditResponseSerializer.h */ = {isa = PBXFileReference; fileEncoding = 4; lastKnownFileType = sourcecode.c.h; path = RedditResponseSerializer.h; sourceTree = "<group>"; };
		E99CDDD517E78E9200F37D33 /* RedditResponseSerializer.m */ = {isa = PBXFileReference; fileEncoding = 4; lastKnownFileType = sourcecode.c.objc; path = RedditResponseSerializer.m; sourceTree = "<group>"; };
		E99CDDD717E78EF100F37D33 /* RedditPost.h */ = {isa = PBXFileReference; fileEncoding = 4; lastKnownFileType = sourcecode.c.h; path = RedditPost.h; sourceTree = "<group>"; };
		E99CDDD817E78EF100F37D33 /* RedditPost.m */ = {isa = PBXFileReference; fileEncoding = 4; lastKnownFileType = sourcecode.c.objc; path = RedditPost.m; sourceTree = "<group>"; };
		F19D0DFFEAB44E3EA8361F6D /* Pods.xcconfig */ = {isa = PBXFileReference; includeInIndex = 1; lastKnownFileType = text.xcconfig; name = Pods.xcconfig; path = Pods/Pods.xcconfig; sourceTree = SOURCE_ROOT; };
/* End PBXFileReference section */

/* Begin PBXFrameworksBuildPhase section */
		E99CDD9317E785F100F37D33 /* Frameworks */ = {
			isa = PBXFrameworksBuildPhase;
			buildActionMask = 2147483647;
			files = (
				E99CDD9C17E785F100F37D33 /* CoreGraphics.framework in Frameworks */,
				E99CDD9E17E785F100F37D33 /* UIKit.framework in Frameworks */,
				E99CDD9A17E785F100F37D33 /* Foundation.framework in Frameworks */,
				1EB3B854693046C2B8AB7A70 /* libPods.a in Frameworks */,
			);
			runOnlyForDeploymentPostprocessing = 0;
		};
		E99CDDB417E785F200F37D33 /* Frameworks */ = {
			isa = PBXFrameworksBuildPhase;
			buildActionMask = 2147483647;
			files = (
				E99CDDB917E785F200F37D33 /* XCTest.framework in Frameworks */,
				E99CDDBB17E785F200F37D33 /* UIKit.framework in Frameworks */,
				E99CDDBA17E785F200F37D33 /* Foundation.framework in Frameworks */,
			);
			runOnlyForDeploymentPostprocessing = 0;
		};
/* End PBXFrameworksBuildPhase section */

/* Begin PBXGroup section */
		E99CDD8D17E785F100F37D33 = {
			isa = PBXGroup;
			children = (
				E99CDD9F17E785F100F37D33 /* AFN2 Play Ground */,
				E99CDDBE17E785F200F37D33 /* AFN2 Play GroundTests */,
				E99CDD9817E785F100F37D33 /* Frameworks */,
				E99CDD9717E785F100F37D33 /* Products */,
				F19D0DFFEAB44E3EA8361F6D /* Pods.xcconfig */,
			);
			sourceTree = "<group>";
		};
		E99CDD9717E785F100F37D33 /* Products */ = {
			isa = PBXGroup;
			children = (
				E99CDD9617E785F100F37D33 /* AFN2 Play Ground.app */,
				E99CDDB717E785F200F37D33 /* AFN2 Play GroundTests.xctest */,
			);
			name = Products;
			sourceTree = "<group>";
		};
		E99CDD9817E785F100F37D33 /* Frameworks */ = {
			isa = PBXGroup;
			children = (
				E99CDD9917E785F100F37D33 /* Foundation.framework */,
				E99CDD9B17E785F100F37D33 /* CoreGraphics.framework */,
				E99CDD9D17E785F100F37D33 /* UIKit.framework */,
				E99CDDB817E785F200F37D33 /* XCTest.framework */,
				AEDA696290A14300A05285ED /* libPods.a */,
			);
			name = Frameworks;
			sourceTree = "<group>";
		};
		E99CDD9F17E785F100F37D33 /* AFN2 Play Ground */ = {
			isa = PBXGroup;
			children = (
				E99CDDA817E785F100F37D33 /* AppDelegate.h */,
				E99CDDA917E785F100F37D33 /* AppDelegate.m */,
				E99CDDAB17E785F100F37D33 /* Main.storyboard */,
				E99CDDAE17E785F100F37D33 /* ViewController.h */,
				E99CDDAF17E785F100F37D33 /* ViewController.m */,
				E99CDDB117E785F200F37D33 /* Images.xcassets */,
				E99CDDA017E785F100F37D33 /* Supporting Files */,
				E99CDDCE17E78AD100F37D33 /* RedditPostCell.h */,
				E99CDDCF17E78AD100F37D33 /* RedditPostCell.m */,
				E99CDDD117E78B7000F37D33 /* ArrayDataSource.h */,
				E99CDDD217E78B7000F37D33 /* ArrayDataSource.m */,
				E99CDDD417E78E9200F37D33 /* RedditResponseSerializer.h */,
				E99CDDD517E78E9200F37D33 /* RedditResponseSerializer.m */,
				E99CDDD717E78EF100F37D33 /* RedditPost.h */,
				E99CDDD817E78EF100F37D33 /* RedditPost.m */,
			);
			path = "AFN2 Play Ground";
			sourceTree = "<group>";
		};
		E99CDDA017E785F100F37D33 /* Supporting Files */ = {
			isa = PBXGroup;
			children = (
				E99CDDA117E785F100F37D33 /* AFN2 Play Ground-Info.plist */,
				E99CDDA217E785F100F37D33 /* InfoPlist.strings */,
				E99CDDA517E785F100F37D33 /* main.m */,
				E99CDDA717E785F100F37D33 /* AFN2 Play Ground-Prefix.pch */,
			);
			name = "Supporting Files";
			sourceTree = "<group>";
		};
		E99CDDBE17E785F200F37D33 /* AFN2 Play GroundTests */ = {
			isa = PBXGroup;
			children = (
				E99CDDC417E785F200F37D33 /* AFN2_Play_GroundTests.m */,
				E99CDDBF17E785F200F37D33 /* Supporting Files */,
			);
			path = "AFN2 Play GroundTests";
			sourceTree = "<group>";
		};
		E99CDDBF17E785F200F37D33 /* Supporting Files */ = {
			isa = PBXGroup;
			children = (
				E99CDDC017E785F200F37D33 /* AFN2 Play GroundTests-Info.plist */,
				E99CDDC117E785F200F37D33 /* InfoPlist.strings */,
			);
			name = "Supporting Files";
			sourceTree = "<group>";
		};
/* End PBXGroup section */

/* Begin PBXNativeTarget section */
		E99CDD9517E785F100F37D33 /* AFN2 Play Ground */ = {
			isa = PBXNativeTarget;
			buildConfigurationList = E99CDDC817E785F200F37D33 /* Build configuration list for PBXNativeTarget "AFN2 Play Ground" */;
			buildPhases = (
				A9DDE0FCF37C41E1BA6073E9 /* Check Pods Manifest.lock */,
				E99CDD9217E785F100F37D33 /* Sources */,
				E99CDD9317E785F100F37D33 /* Frameworks */,
				E99CDD9417E785F100F37D33 /* Resources */,
				CCB70D6B6E3449A491BD973C /* Copy Pods Resources */,
			);
			buildRules = (
			);
			dependencies = (
			);
			name = "AFN2 Play Ground";
			productName = "AFN2 Play Ground";
			productReference = E99CDD9617E785F100F37D33 /* AFN2 Play Ground.app */;
			productType = "com.apple.product-type.application";
		};
		E99CDDB617E785F200F37D33 /* AFN2 Play GroundTests */ = {
			isa = PBXNativeTarget;
			buildConfigurationList = E99CDDCB17E785F200F37D33 /* Build configuration list for PBXNativeTarget "AFN2 Play GroundTests" */;
			buildPhases = (
				E99CDDB317E785F200F37D33 /* Sources */,
				E99CDDB417E785F200F37D33 /* Frameworks */,
				E99CDDB517E785F200F37D33 /* Resources */,
			);
			buildRules = (
			);
			dependencies = (
				E99CDDBD17E785F200F37D33 /* PBXTargetDependency */,
			);
			name = "AFN2 Play GroundTests";
			productName = "AFN2 Play GroundTests";
			productReference = E99CDDB717E785F200F37D33 /* AFN2 Play GroundTests.xctest */;
			productType = "com.apple.product-type.bundle.unit-test";
		};
/* End PBXNativeTarget section */

/* Begin PBXProject section */
		E99CDD8E17E785F100F37D33 /* Project object */ = {
			isa = PBXProject;
			attributes = {
				LastUpgradeCheck = 0500;
				ORGANIZATIONNAME = "Programming Thomas";
				TargetAttributes = {
					E99CDDB617E785F200F37D33 = {
						TestTargetID = E99CDD9517E785F100F37D33;
					};
				};
			};
			buildConfigurationList = E99CDD9117E785F100F37D33 /* Build configuration list for PBXProject "AFN2 Play Ground" */;
			compatibilityVersion = "Xcode 3.2";
			developmentRegion = English;
			hasScannedForEncodings = 0;
			knownRegions = (
				en,
				Base,
			);
			mainGroup = E99CDD8D17E785F100F37D33;
			productRefGroup = E99CDD9717E785F100F37D33 /* Products */;
			projectDirPath = "";
			projectRoot = "";
			targets = (
				E99CDD9517E785F100F37D33 /* AFN2 Play Ground */,
				E99CDDB617E785F200F37D33 /* AFN2 Play GroundTests */,
			);
		};
/* End PBXProject section */

/* Begin PBXResourcesBuildPhase section */
		E99CDD9417E785F100F37D33 /* Resources */ = {
			isa = PBXResourcesBuildPhase;
			buildActionMask = 2147483647;
			files = (
				E99CDDB217E785F200F37D33 /* Images.xcassets in Resources */,
				E99CDDA417E785F100F37D33 /* InfoPlist.strings in Resources */,
				E99CDDAD17E785F100F37D33 /* Main.storyboard in Resources */,
			);
			runOnlyForDeploymentPostprocessing = 0;
		};
		E99CDDB517E785F200F37D33 /* Resources */ = {
			isa = PBXResourcesBuildPhase;
			buildActionMask = 2147483647;
			files = (
				E99CDDC317E785F200F37D33 /* InfoPlist.strings in Resources */,
			);
			runOnlyForDeploymentPostprocessing = 0;
		};
/* End PBXResourcesBuildPhase section */

/* Begin PBXShellScriptBuildPhase section */
		A9DDE0FCF37C41E1BA6073E9 /* Check Pods Manifest.lock */ = {
			isa = PBXShellScriptBuildPhase;
			buildActionMask = 2147483647;
			files = (
			);
			inputPaths = (
			);
			name = "Check Pods Manifest.lock";
			outputPaths = (
			);
			runOnlyForDeploymentPostprocessing = 0;
			shellPath = /bin/sh;
			shellScript = "diff \"${PODS_ROOT}/../Podfile.lock\" \"${PODS_ROOT}/Manifest.lock\" > /dev/null\nif [[ $? != 0 ]] ; then\n    cat << EOM\nerror: The sandbox is not in sync with the Podfile.lock. Run 'pod install' or update your CocoaPods installation.\nEOM\n    exit 1\nfi\n";
			showEnvVarsInLog = 0;
		};
		CCB70D6B6E3449A491BD973C /* Copy Pods Resources */ = {
			isa = PBXShellScriptBuildPhase;
			buildActionMask = 2147483647;
			files = (
			);
			inputPaths = (
			);
			name = "Copy Pods Resources";
			outputPaths = (
			);
			runOnlyForDeploymentPostprocessing = 0;
			shellPath = /bin/sh;
			shellScript = "\"${SRCROOT}/Pods/Pods-resources.sh\"\n";
			showEnvVarsInLog = 0;
		};
/* End PBXShellScriptBuildPhase section */

/* Begin PBXSourcesBuildPhase section */
		E99CDD9217E785F100F37D33 /* Sources */ = {
			isa = PBXSourcesBuildPhase;
			buildActionMask = 2147483647;
			files = (
				E99CDDD617E78E9200F37D33 /* RedditResponseSerializer.m in Sources */,
				E99CDDB017E785F100F37D33 /* ViewController.m in Sources */,
				E99CDDD917E78EF100F37D33 /* RedditPost.m in Sources */,
				E99CDDD017E78AD100F37D33 /* RedditPostCell.m in Sources */,
				E99CDDAA17E785F100F37D33 /* AppDelegate.m in Sources */,
				E99CDDD317E78B7000F37D33 /* ArrayDataSource.m in Sources */,
				E99CDDA617E785F100F37D33 /* main.m in Sources */,
			);
			runOnlyForDeploymentPostprocessing = 0;
		};
		E99CDDB317E785F200F37D33 /* Sources */ = {
			isa = PBXSourcesBuildPhase;
			buildActionMask = 2147483647;
			files = (
				E99CDDC517E785F200F37D33 /* AFN2_Play_GroundTests.m in Sources */,
			);
			runOnlyForDeploymentPostprocessing = 0;
		};
/* End PBXSourcesBuildPhase section */

/* Begin PBXTargetDependency section */
		E99CDDBD17E785F200F37D33 /* PBXTargetDependency */ = {
			isa = PBXTargetDependency;
			target = E99CDD9517E785F100F37D33 /* AFN2 Play Ground */;
			targetProxy = E99CDDBC17E785F200F37D33 /* PBXContainerItemProxy */;
		};
/* End PBXTargetDependency section */

/* Begin PBXVariantGroup section */
		E99CDDA217E785F100F37D33 /* InfoPlist.strings */ = {
			isa = PBXVariantGroup;
			children = (
				E99CDDA317E785F100F37D33 /* en */,
			);
			name = InfoPlist.strings;
			sourceTree = "<group>";
		};
		E99CDDAB17E785F100F37D33 /* Main.storyboard */ = {
			isa = PBXVariantGroup;
			children = (
				E99CDDAC17E785F100F37D33 /* Base */,
			);
			name = Main.storyboard;
			sourceTree = "<group>";
		};
		E99CDDC117E785F200F37D33 /* InfoPlist.strings */ = {
			isa = PBXVariantGroup;
			children = (
				E99CDDC217E785F200F37D33 /* en */,
			);
			name = InfoPlist.strings;
			sourceTree = "<group>";
		};
/* End PBXVariantGroup section */

/* Begin XCBuildConfiguration section */
		E99CDDC617E785F200F37D33 /* Debug */ = {
			isa = XCBuildConfiguration;
			buildSettings = {
				ALWAYS_SEARCH_USER_PATHS = NO;
				ARCHS = "$(ARCHS_STANDARD_INCLUDING_64_BIT)";
				CLANG_CXX_LANGUAGE_STANDARD = "gnu++0x";
				CLANG_CXX_LIBRARY = "libc++";
				CLANG_ENABLE_MODULES = YES;
				CLANG_ENABLE_OBJC_ARC = YES;
				CLANG_WARN_BOOL_CONVERSION = YES;
				CLANG_WARN_CONSTANT_CONVERSION = YES;
				CLANG_WARN_DIRECT_OBJC_ISA_USAGE = YES_ERROR;
				CLANG_WARN_EMPTY_BODY = YES;
				CLANG_WARN_ENUM_CONVERSION = YES;
				CLANG_WARN_INT_CONVERSION = YES;
				CLANG_WARN_OBJC_ROOT_CLASS = YES_ERROR;
				CLANG_WARN__DUPLICATE_METHOD_MATCH = YES;
				"CODE_SIGN_IDENTITY[sdk=iphoneos*]" = "iPhone Developer";
				COPY_PHASE_STRIP = NO;
				GCC_C_LANGUAGE_STANDARD = gnu99;
				GCC_DYNAMIC_NO_PIC = NO;
				GCC_OPTIMIZATION_LEVEL = 0;
				GCC_PREPROCESSOR_DEFINITIONS = (
					"DEBUG=1",
					"$(inherited)",
				);
				GCC_SYMBOLS_PRIVATE_EXTERN = NO;
				GCC_WARN_64_TO_32_BIT_CONVERSION = YES;
				GCC_WARN_ABOUT_RETURN_TYPE = YES_ERROR;
				GCC_WARN_UNDECLARED_SELECTOR = YES;
				GCC_WARN_UNINITIALIZED_AUTOS = YES;
				GCC_WARN_UNUSED_FUNCTION = YES;
				GCC_WARN_UNUSED_VARIABLE = YES;
				IPHONEOS_DEPLOYMENT_TARGET = 7.0;
				ONLY_ACTIVE_ARCH = YES;
				SDKROOT = iphoneos;
			};
			name = Debug;
		};
		E99CDDC717E785F200F37D33 /* Release */ = {
			isa = XCBuildConfiguration;
			buildSettings = {
				ALWAYS_SEARCH_USER_PATHS = NO;
				ARCHS = "$(ARCHS_STANDARD_INCLUDING_64_BIT)";
				CLANG_CXX_LANGUAGE_STANDARD = "gnu++0x";
				CLANG_CXX_LIBRARY = "libc++";
				CLANG_ENABLE_MODULES = YES;
				CLANG_ENABLE_OBJC_ARC = YES;
				CLANG_WARN_BOOL_CONVERSION = YES;
				CLANG_WARN_CONSTANT_CONVERSION = YES;
				CLANG_WARN_DIRECT_OBJC_ISA_USAGE = YES_ERROR;
				CLANG_WARN_EMPTY_BODY = YES;
				CLANG_WARN_ENUM_CONVERSION = YES;
				CLANG_WARN_INT_CONVERSION = YES;
				CLANG_WARN_OBJC_ROOT_CLASS = YES_ERROR;
				CLANG_WARN__DUPLICATE_METHOD_MATCH = YES;
				"CODE_SIGN_IDENTITY[sdk=iphoneos*]" = "iPhone Developer";
				COPY_PHASE_STRIP = YES;
				ENABLE_NS_ASSERTIONS = NO;
				GCC_C_LANGUAGE_STANDARD = gnu99;
				GCC_WARN_64_TO_32_BIT_CONVERSION = YES;
				GCC_WARN_ABOUT_RETURN_TYPE = YES_ERROR;
				GCC_WARN_UNDECLARED_SELECTOR = YES;
				GCC_WARN_UNINITIALIZED_AUTOS = YES;
				GCC_WARN_UNUSED_FUNCTION = YES;
				GCC_WARN_UNUSED_VARIABLE = YES;
				IPHONEOS_DEPLOYMENT_TARGET = 7.0;
				SDKROOT = iphoneos;
				VALIDATE_PRODUCT = YES;
			};
			name = Release;
		};
		E99CDDC917E785F200F37D33 /* Debug */ = {
			isa = XCBuildConfiguration;
			baseConfigurationReference = F19D0DFFEAB44E3EA8361F6D /* Pods.xcconfig */;
			buildSettings = {
				ASSETCATALOG_COMPILER_APPICON_NAME = AppIcon;
				ASSETCATALOG_COMPILER_LAUNCHIMAGE_NAME = LaunchImage;
				GCC_PRECOMPILE_PREFIX_HEADER = YES;
				GCC_PREFIX_HEADER = "AFN2 Play Ground/AFN2 Play Ground-Prefix.pch";
				INFOPLIST_FILE = "AFN2 Play Ground/AFN2 Play Ground-Info.plist";
				PRODUCT_NAME = "$(TARGET_NAME)";
				WRAPPER_EXTENSION = app;
			};
			name = Debug;
		};
		E99CDDCA17E785F200F37D33 /* Release */ = {
			isa = XCBuildConfiguration;
			baseConfigurationReference = F19D0DFFEAB44E3EA8361F6D /* Pods.xcconfig */;
			buildSettings = {
				ASSETCATALOG_COMPILER_APPICON_NAME = AppIcon;
				ASSETCATALOG_COMPILER_LAUNCHIMAGE_NAME = LaunchImage;
				GCC_PRECOMPILE_PREFIX_HEADER = YES;
				GCC_PREFIX_HEADER = "AFN2 Play Ground/AFN2 Play Ground-Prefix.pch";
				INFOPLIST_FILE = "AFN2 Play Ground/AFN2 Play Ground-Info.plist";
				PRODUCT_NAME = "$(TARGET_NAME)";
				WRAPPER_EXTENSION = app;
			};
			name = Release;
		};
		E99CDDCC17E785F200F37D33 /* Debug */ = {
			isa = XCBuildConfiguration;
			buildSettings = {
				ARCHS = "$(ARCHS_STANDARD_INCLUDING_64_BIT)";
				BUNDLE_LOADER = "$(BUILT_PRODUCTS_DIR)/AFN2 Play Ground.app/AFN2 Play Ground";
				FRAMEWORK_SEARCH_PATHS = (
					"$(SDKROOT)/Developer/Library/Frameworks",
					"$(inherited)",
					"$(DEVELOPER_FRAMEWORKS_DIR)",
				);
				GCC_PRECOMPILE_PREFIX_HEADER = YES;
				GCC_PREFIX_HEADER = "AFN2 Play Ground/AFN2 Play Ground-Prefix.pch";
				GCC_PREPROCESSOR_DEFINITIONS = (
					"DEBUG=1",
					"$(inherited)",
				);
				INFOPLIST_FILE = "AFN2 Play GroundTests/AFN2 Play GroundTests-Info.plist";
				PRODUCT_NAME = "$(TARGET_NAME)";
				TEST_HOST = "$(BUNDLE_LOADER)";
				WRAPPER_EXTENSION = xctest;
			};
			name = Debug;
		};
		E99CDDCD17E785F200F37D33 /* Release */ = {
			isa = XCBuildConfiguration;
			buildSettings = {
				ARCHS = "$(ARCHS_STANDARD_INCLUDING_64_BIT)";
				BUNDLE_LOADER = "$(BUILT_PRODUCTS_DIR)/AFN2 Play Ground.app/AFN2 Play Ground";
				FRAMEWORK_SEARCH_PATHS = (
					"$(SDKROOT)/Developer/Library/Frameworks",
					"$(inherited)",
					"$(DEVELOPER_FRAMEWORKS_DIR)",
				);
				GCC_PRECOMPILE_PREFIX_HEADER = YES;
				GCC_PREFIX_HEADER = "AFN2 Play Ground/AFN2 Play Ground-Prefix.pch";
				INFOPLIST_FILE = "AFN2 Play GroundTests/AFN2 Play GroundTests-Info.plist";
				PRODUCT_NAME = "$(TARGET_NAME)";
				TEST_HOST = "$(BUNDLE_LOADER)";
				WRAPPER_EXTENSION = xctest;
			};
			name = Release;
		};
/* End XCBuildConfiguration section */

/* Begin XCConfigurationList section */
		E99CDD9117E785F100F37D33 /* Build configuration list for PBXProject "AFN2 Play Ground" */ = {
			isa = XCConfigurationList;
			buildConfigurations = (
				E99CDDC617E785F200F37D33 /* Debug */,
				E99CDDC717E785F200F37D33 /* Release */,
			);
			defaultConfigurationIsVisible = 0;
			defaultConfigurationName = Release;
		};
		E99CDDC817E785F200F37D33 /* Build configuration list for PBXNativeTarget "AFN2 Play Ground" */ = {
			isa = XCConfigurationList;
			buildConfigurations = (
				E99CDDC917E785F200F37D33 /* Debug */,
				E99CDDCA17E785F200F37D33 /* Release */,
			);
			defaultConfigurationIsVisible = 0;
			defaultConfigurationName = Release;
		};
		E99CDDCB17E785F200F37D33 /* Build configuration list for PBXNativeTarget "AFN2 Play GroundTests" */ = {
			isa = XCConfigurationList;
			buildConfigurations = (
				E99CDDCC17E785F200F37D33 /* Debug */,
				E99CDDCD17E785F200F37D33 /* Release */,
			);
			defaultConfigurationIsVisible = 0;
			defaultConfigurationName = Release;
		};
/* End XCConfigurationList section */
	};
	rootObject = E99CDD8E17E785F100F37D33 /* Project object */;
}
